# THIS IS AN AUTOGENERATED FILE. DO NOT EDIT THIS FILE DIRECTLY.
# yarn lockfile v1


"@kano/web-bus@^1.0.0-alpha.14":
  version "1.0.0-alpha.14"
  resolved "https://registry.yarnpkg.com/@kano/web-bus/-/web-bus-1.0.0-alpha.14.tgz#59db14a2295fcc0d6012a5a884b01f359793ce22"
  integrity sha512-Rq5voO3VFxeMoIWGPYz2ftS6KdWKVjQEAXvXDUKdKar6MPox/VICVNc2rFr826uWRTdo6J3hjBXHsJEJaJ/3kw==

lit-html@^1.1.0:
  version "1.1.0"
  resolved "https://registry.yarnpkg.com/lit-html/-/lit-html-1.1.0.tgz#6951fb717fb48fe34d915ae163448a04da321562"
  integrity sha512-ZDJHpJi09yknMpjwPI8fuSl5sUG7+pF+eE5WciFtgyX7zebvgMDBgSLq4knXa7grxM00RkQ7PBd7UZQiruA78Q==
